
Microsoft Visual Studio Solution File, Format Version 12.00
# Visual Studio Version 17
VisualStudioVersion = 17.0.32112.339
MinimumVisualStudioVersion = 10.0.40219.1
Project("{FAE04EC0-301F-11D3-BF4B-00C04F79EFBC}") = "JokesWebApp", "JokesWebApp\JokesWebApp.csproj", "{108DC17C-9943-485A-9EA4-2CDD4FA79A06}"
EndProject
Global
	GlobalSection(SolutionConfigurationPlatforms) = preSolution
		Debug|Any CPU = Debug|Any CPU
		Release|Any CPU = Release|Any CPU
	EndGlobalSection
	GlobalSection(ProjectConfigurationPlatforms) = postSolution
		{108DC17C-9943-485A-9EA4-2CDD4FA79A06}.Debug|Any CPU.ActiveCfg = Debug|Any CPU
		{108DC17C-9943-485A-9EA4-2CDD4FA79A06}.Debug|Any CPU.Build.0 = Debug|Any CPU
		{108DC17C-9943-485A-9EA4-2CDD4FA79A06}.Release|Any CPU.ActiveCfg = Release|Any CPU
		{108DC17C-9943-485A-9EA4-2CDD4FA79A06}.Release|Any CPU.Build.0 = Release|Any CPU
	EndGlobalSection
	GlobalSection(SolutionProperties) = preSolution
		HideSolutionNode = FALSE
	EndGlobalSection
	GlobalSection(ExtensibilityGlobals) = postSolution
		SolutionGuid = {D9BEEE71-92DF-400F-9921-38E665D41FFC}
	EndGlobalSection
EndGlobal
